{
  "name": "nexo-ride-sprint8k-production-deploy-apk-build-pack",
  "version": "2.0.14-sprint8k-production-deploy-pack",
  "lockfileVersion": 3,
  "requires": true,
  "packages": {
    "": {
      "name": "nexo-ride-sprint8k-production-deploy-apk-build-pack",
      "version": "2.0.14-sprint8k-production-deploy-pack"
    }
  }
}
